
Microsoft Visual Studio Solution File, Format Version 12.00
# Visual Studio Version 17
VisualStudioVersion = 17.10.35013.160
MinimumVisualStudioVersion = 10.0.40219.1
Project("{FAE04EC0-301F-11D3-BF4B-00C04F79EFBC}") = "Application", "Application.csproj", "{CAFA3AFB-2E16-4635-9C68-A38BEF3205D7}"
EndProject
Global
	GlobalSection(SolutionConfigurationPlatforms) = preSolution
		Debug|Any CPU = Debug|Any CPU
		Release|Any CPU = Release|Any CPU
	EndGlobalSection
	GlobalSection(ProjectConfigurationPlatforms) = postSolution
		{CAFA3AFB-2E16-4635-9C68-A38BEF3205D7}.Debug|Any CPU.ActiveCfg = Debug|Any CPU
		{CAFA3AFB-2E16-4635-9C68-A38BEF3205D7}.Debug|Any CPU.Build.0 = Debug|Any CPU
		{CAFA3AFB-2E16-4635-9C68-A38BEF3205D7}.Release|Any CPU.ActiveCfg = Release|Any CPU
		{CAFA3AFB-2E16-4635-9C68-A38BEF3205D7}.Release|Any CPU.Build.0 = Release|Any CPU
	EndGlobalSection
	GlobalSection(SolutionProperties) = preSolution
		HideSolutionNode = FALSE
	EndGlobalSection
	GlobalSection(ExtensibilityGlobals) = postSolution
		SolutionGuid = {AB80CCAD-8E1D-4D79-8511-DC889A1EF2E6}
	EndGlobalSection
EndGlobal
